
Microsoft Visual Studio Solution File, Format Version 12.00
# Visual Studio 14
VisualStudioVersion = 14.0.24720.0
MinimumVisualStudioVersion = 10.0.40219.1
Project("{8BC9CEB8-8B4A-11D0-8D11-00A0C91BC942}") = "Sort", "Sort\Sort.vcxproj", "{379AFAB4-D87A-4217-8938-19A7329D3170}"
EndProject
Project("{8BC9CEB8-8B4A-11D0-8D11-00A0C91BC942}") = "UnionFind", "UnionFind\UnionFind.vcxproj", "{7071C5B5-E2FD-4DF0-B38B-3F8AB70A1F7D}"
EndProject
Project("{8BC9CEB8-8B4A-11D0-8D11-00A0C91BC942}") = "Search", "Search\Search.vcxproj", "{EA708E18-C9F5-4D32-BAE0-8A1D0D1FF20A}"
EndProject
Project("{8BC9CEB8-8B4A-11D0-8D11-00A0C91BC942}") = "ALLTOP", "ATOP\ConsoleApplication2.vcxproj", "{AFAA3CD7-9C48-4E86-BED1-DA4311BF1625}"
EndProject
Project("{8BC9CEB8-8B4A-11D0-8D11-00A0C91BC942}") = "Graph", "Graph\Graph.vcxproj", "{67F5C2E3-7D63-4A78-99E2-EECCF3A9BF17}"
EndProject
Global
	GlobalSection(SolutionConfigurationPlatforms) = preSolution
		Debug|x64 = Debug|x64
		Debug|x86 = Debug|x86
		Release|x64 = Release|x64
		Release|x86 = Release|x86
	EndGlobalSection
	GlobalSection(ProjectConfigurationPlatforms) = postSolution
		{379AFAB4-D87A-4217-8938-19A7329D3170}.Debug|x64.ActiveCfg = Debug|x64
		{379AFAB4-D87A-4217-8938-19A7329D3170}.Debug|x64.Build.0 = Debug|x64
		{379AFAB4-D87A-4217-8938-19A7329D3170}.Debug|x86.ActiveCfg = Debug|Win32
		{379AFAB4-D87A-4217-8938-19A7329D3170}.Release|x64.ActiveCfg = Release|x64
		{379AFAB4-D87A-4217-8938-19A7329D3170}.Release|x64.Build.0 = Release|x64
		{379AFAB4-D87A-4217-8938-19A7329D3170}.Release|x86.ActiveCfg = Release|Win32
		{379AFAB4-D87A-4217-8938-19A7329D3170}.Release|x86.Build.0 = Release|Win32
		{7071C5B5-E2FD-4DF0-B38B-3F8AB70A1F7D}.Debug|x64.ActiveCfg = Debug|x64
		{7071C5B5-E2FD-4DF0-B38B-3F8AB70A1F7D}.Debug|x64.Build.0 = Debug|x64
		{7071C5B5-E2FD-4DF0-B38B-3F8AB70A1F7D}.Debug|x86.ActiveCfg = Debug|Win32
		{7071C5B5-E2FD-4DF0-B38B-3F8AB70A1F7D}.Release|x64.ActiveCfg = Release|x64
		{7071C5B5-E2FD-4DF0-B38B-3F8AB70A1F7D}.Release|x64.Build.0 = Release|x64
		{7071C5B5-E2FD-4DF0-B38B-3F8AB70A1F7D}.Release|x86.ActiveCfg = Release|Win32
		{7071C5B5-E2FD-4DF0-B38B-3F8AB70A1F7D}.Release|x86.Build.0 = Release|Win32
		{EA708E18-C9F5-4D32-BAE0-8A1D0D1FF20A}.Debug|x64.ActiveCfg = Debug|x64
		{EA708E18-C9F5-4D32-BAE0-8A1D0D1FF20A}.Debug|x64.Build.0 = Debug|x64
		{EA708E18-C9F5-4D32-BAE0-8A1D0D1FF20A}.Debug|x86.ActiveCfg = Debug|Win32
		{EA708E18-C9F5-4D32-BAE0-8A1D0D1FF20A}.Release|x64.ActiveCfg = Release|x64
		{EA708E18-C9F5-4D32-BAE0-8A1D0D1FF20A}.Release|x64.Build.0 = Release|x64
		{EA708E18-C9F5-4D32-BAE0-8A1D0D1FF20A}.Release|x86.ActiveCfg = Release|Win32
		{EA708E18-C9F5-4D32-BAE0-8A1D0D1FF20A}.Release|x86.Build.0 = Release|Win32
		{AFAA3CD7-9C48-4E86-BED1-DA4311BF1625}.Debug|x64.ActiveCfg = Debug|x64
		{AFAA3CD7-9C48-4E86-BED1-DA4311BF1625}.Debug|x64.Build.0 = Debug|x64
		{AFAA3CD7-9C48-4E86-BED1-DA4311BF1625}.Debug|x86.ActiveCfg = Debug|Win32
		{AFAA3CD7-9C48-4E86-BED1-DA4311BF1625}.Debug|x86.Build.0 = Debug|Win32
		{AFAA3CD7-9C48-4E86-BED1-DA4311BF1625}.Release|x64.ActiveCfg = Release|x64
		{AFAA3CD7-9C48-4E86-BED1-DA4311BF1625}.Release|x64.Build.0 = Release|x64
		{AFAA3CD7-9C48-4E86-BED1-DA4311BF1625}.Release|x86.ActiveCfg = Release|Win32
		{AFAA3CD7-9C48-4E86-BED1-DA4311BF1625}.Release|x86.Build.0 = Release|Win32
		{67F5C2E3-7D63-4A78-99E2-EECCF3A9BF17}.Debug|x64.ActiveCfg = Debug|x64
		{67F5C2E3-7D63-4A78-99E2-EECCF3A9BF17}.Debug|x64.Build.0 = Debug|x64
		{67F5C2E3-7D63-4A78-99E2-EECCF3A9BF17}.Debug|x86.ActiveCfg = Debug|Win32
		{67F5C2E3-7D63-4A78-99E2-EECCF3A9BF17}.Debug|x86.Build.0 = Debug|Win32
		{67F5C2E3-7D63-4A78-99E2-EECCF3A9BF17}.Release|x64.ActiveCfg = Release|x64
		{67F5C2E3-7D63-4A78-99E2-EECCF3A9BF17}.Release|x64.Build.0 = Release|x64
		{67F5C2E3-7D63-4A78-99E2-EECCF3A9BF17}.Release|x86.ActiveCfg = Release|Win32
		{67F5C2E3-7D63-4A78-99E2-EECCF3A9BF17}.Release|x86.Build.0 = Release|Win32
	EndGlobalSection
	GlobalSection(SolutionProperties) = preSolution
		HideSolutionNode = FALSE
	EndGlobalSection
EndGlobal
